// !$*UTF8*$!
{
	archiveVersion = 1;
	classes = {
	};
	objectVersion = 50;
	objects = {

/* Begin PBXBuildFile section */
		EDB04FFD24C1A3F80080BF65 /* AppDelegate.swift in Sources */ = {isa = PBXBuildFile; fileRef = EDB04FFC24C1A3F80080BF65 /* AppDelegate.swift */; };
		EDB04FFF24C1A3F80080BF65 /* SceneDelegate.swift in Sources */ = {isa = PBXBuildFile; fileRef = EDB04FFE24C1A3F80080BF65 /* SceneDelegate.swift */; };
		EDB0500124C1A3F80080BF65 /* ContentView.swift in Sources */ = {isa = PBXBuildFile; fileRef = EDB0500024C1A3F80080BF65 /* ContentView.swift */; };
		EDB0500324C1A3F90080BF65 /* Assets.xcassets in Resources */ = {isa = PBXBuildFile; fileRef = EDB0500224C1A3F90080BF65 /* Assets.xcassets */; };
		EDB0500624C1A3F90080BF65 /* Preview Assets.xcassets in Resources */ = {isa = PBXBuildFile; fileRef = EDB0500524C1A3F90080BF65 /* Preview Assets.xcassets */; };
		EDB0500924C1A3F90080BF65 /* LaunchScreen.storyboard in Resources */ = {isa = PBXBuildFile; fileRef = EDB0500724C1A3F90080BF65 /* LaunchScreen.storyboard */; };
		EDB285B124C2D89200560AF9 /* Home.swift in Sources */ = {isa = PBXBuildFile; fileRef = EDB285B024C2D89200560AF9 /* Home.swift */; };
		EDC2A33124C416E900E7D7EA /* UpdateStore.swift in Sources */ = {isa = PBXBuildFile; fileRef = EDC2A33024C416E900E7D7EA /* UpdateStore.swift */; };
		EDCDA0D324C6C3CE0099AEC7 /* TabBar.swift in Sources */ = {isa = PBXBuildFile; fileRef = EDCDA0D224C6C3CE0099AEC7 /* TabBar.swift */; };
		EDF5E8DB24C35168001CB677 /* HomeList.swift in Sources */ = {isa = PBXBuildFile; fileRef = EDF5E8DA24C35168001CB677 /* HomeList.swift */; };
		EDF5E8DD24C369C4001CB677 /* BlurView.swift in Sources */ = {isa = PBXBuildFile; fileRef = EDF5E8DC24C369C4001CB677 /* BlurView.swift */; };
		EDF5E8DF24C37301001CB677 /* UpdateList.swift in Sources */ = {isa = PBXBuildFile; fileRef = EDF5E8DE24C37301001CB677 /* UpdateList.swift */; };
		EDF5E8E124C38CED001CB677 /* UpdateDetail.swift in Sources */ = {isa = PBXBuildFile; fileRef = EDF5E8E024C38CED001CB677 /* UpdateDetail.swift */; };
/* End PBXBuildFile section */

/* Begin PBXFileReference section */
		EDB04FF924C1A3F80080BF65 /* Credit Card.app */ = {isa = PBXFileReference; explicitFileType = wrapper.application; includeInIndex = 0; path = "Credit Card.app"; sourceTree = BUILT_PRODUCTS_DIR; };
		EDB04FFC24C1A3F80080BF65 /* AppDelegate.swift */ = {isa = PBXFileReference; lastKnownFileType = sourcecode.swift; path = AppDelegate.swift; sourceTree = "<group>"; };
		EDB04FFE24C1A3F80080BF65 /* SceneDelegate.swift */ = {isa = PBXFileReference; lastKnownFileType = sourcecode.swift; path = SceneDelegate.swift; sourceTree = "<group>"; };
		EDB0500024C1A3F80080BF65 /* ContentView.swift */ = {isa = PBXFileReference; lastKnownFileType = sourcecode.swift; path = ContentView.swift; sourceTree = "<group>"; };
		EDB0500224C1A3F90080BF65 /* Assets.xcassets */ = {isa = PBXFileReference; lastKnownFileType = folder.assetcatalog; path = Assets.xcassets; sourceTree = "<group>"; };
		EDB0500524C1A3F90080BF65 /* Preview Assets.xcassets */ = {isa = PBXFileReference; lastKnownFileType = folder.assetcatalog; path = "Preview Assets.xcassets"; sourceTree = "<group>"; };
		EDB0500824C1A3F90080BF65 /* Base */ = {isa = PBXFileReference; lastKnownFileType = file.storyboard; name = Base; path = Base.lproj/LaunchScreen.storyboard; sourceTree = "<group>"; };
		EDB0500A24C1A3F90080BF65 /* Info.plist */ = {isa = PBXFileReference; lastKnownFileType = text.plist.xml; path = Info.plist; sourceTree = "<group>"; };
		EDB285B024C2D89200560AF9 /* Home.swift */ = {isa = PBXFileReference; lastKnownFileType = sourcecode.swift; path = Home.swift; sourceTree = "<group>"; };
		EDC2A33024C416E900E7D7EA /* UpdateStore.swift */ = {isa = PBXFileReference; lastKnownFileType = sourcecode.swift; path = UpdateStore.swift; sourceTree = "<group>"; };
		EDCDA0D224C6C3CE0099AEC7 /* TabBar.swift */ = {isa = PBXFileReference; lastKnownFileType = sourcecode.swift; path = TabBar.swift; sourceTree = "<group>"; };
		EDF5E8DA24C35168001CB677 /* HomeList.swift */ = {isa = PBXFileReference; lastKnownFileType = sourcecode.swift; path = HomeList.swift; sourceTree = "<group>"; };
		EDF5E8DC24C369C4001CB677 /* BlurView.swift */ = {isa = PBXFileReference; lastKnownFileType = sourcecode.swift; path = BlurView.swift; sourceTree = "<group>"; };
		EDF5E8DE24C37301001CB677 /* UpdateList.swift */ = {isa = PBXFileReference; lastKnownFileType = sourcecode.swift; path = UpdateList.swift; sourceTree = "<group>"; };
		EDF5E8E024C38CED001CB677 /* UpdateDetail.swift */ = {isa = PBXFileReference; lastKnownFileType = sourcecode.swift; path = UpdateDetail.swift; sourceTree = "<group>"; };
/* End PBXFileReference section */

/* Begin PBXFrameworksBuildPhase section */
		EDB04FF624C1A3F80080BF65 /* Frameworks */ = {
			isa = PBXFrameworksBuildPhase;
			buildActionMask = 2147483647;
			files = (
			);
			runOnlyForDeploymentPostprocessing = 0;
		};
/* End PBXFrameworksBuildPhase section */

/* Begin PBXGroup section */
		EDB04FF024C1A3F80080BF65 = {
			isa = PBXGroup;
			children = (
				EDB04FFB24C1A3F80080BF65 /* Credit Card */,
				EDB04FFA24C1A3F80080BF65 /* Products */,
			);
			sourceTree = "<group>";
		};
		EDB04FFA24C1A3F80080BF65 /* Products */ = {
			isa = PBXGroup;
			children = (
				EDB04FF924C1A3F80080BF65 /* Credit Card.app */,
			);
			name = Products;
			sourceTree = "<group>";
		};
		EDB04FFB24C1A3F80080BF65 /* Credit Card */ = {
			isa = PBXGroup;
			children = (
				EDB04FFC24C1A3F80080BF65 /* AppDelegate.swift */,
				EDB04FFE24C1A3F80080BF65 /* SceneDelegate.swift */,
				EDB0500024C1A3F80080BF65 /* ContentView.swift */,
				EDB285B024C2D89200560AF9 /* Home.swift */,
				EDF5E8DA24C35168001CB677 /* HomeList.swift */,
				EDF5E8DC24C369C4001CB677 /* BlurView.swift */,
				EDF5E8DE24C37301001CB677 /* UpdateList.swift */,
				EDF5E8E024C38CED001CB677 /* UpdateDetail.swift */,
				EDC2A33024C416E900E7D7EA /* UpdateStore.swift */,
				EDCDA0D224C6C3CE0099AEC7 /* TabBar.swift */,
				EDB0500224C1A3F90080BF65 /* Assets.xcassets */,
				EDB0500724C1A3F90080BF65 /* LaunchScreen.storyboard */,
				EDB0500A24C1A3F90080BF65 /* Info.plist */,
				EDB0500424C1A3F90080BF65 /* Preview Content */,
			);
			path = "Credit Card";
			sourceTree = "<group>";
		};
		EDB0500424C1A3F90080BF65 /* Preview Content */ = {
			isa = PBXGroup;
			children = (
				EDB0500524C1A3F90080BF65 /* Preview Assets.xcassets */,
			);
			path = "Preview Content";
			sourceTree = "<group>";
		};
/* End PBXGroup section */

/* Begin PBXNativeTarget section */
		EDB04FF824C1A3F80080BF65 /* Credit Card */ = {
			isa = PBXNativeTarget;
			buildConfigurationList = EDB0500D24C1A3F90080BF65 /* Build configuration list for PBXNativeTarget "Credit Card" */;
			buildPhases = (
				EDB04FF524C1A3F80080BF65 /* Sources */,
				EDB04FF624C1A3F80080BF65 /* Frameworks */,
				EDB04FF724C1A3F80080BF65 /* Resources */,
			);
			buildRules = (
			);
			dependencies = (
			);
			name = "Credit Card";
			productName = "Credit Card";
			productReference = EDB04FF924C1A3F80080BF65 /* Credit Card.app */;
			productType = "com.apple.product-type.application";
		};
/* End PBXNativeTarget section */

/* Begin PBXProject section */
		EDB04FF124C1A3F80080BF65 /* Project object */ = {
			isa = PBXProject;
			attributes = {
				LastSwiftUpdateCheck = 1150;
				LastUpgradeCheck = 1150;
				ORGANIZATIONNAME = "Mohsen Abdollahi";
				TargetAttributes = {
					EDB04FF824C1A3F80080BF65 = {
						CreatedOnToolsVersion = 11.5;
					};
				};
			};
			buildConfigurationList = EDB04FF424C1A3F80080BF65 /* Build configuration list for PBXProject "Credit Card" */;
			compatibilityVersion = "Xcode 9.3";
			developmentRegion = en;
			hasScannedForEncodings = 0;
			knownRegions = (
				en,
				Base,
			);
			mainGroup = EDB04FF024C1A3F80080BF65;
			productRefGroup = EDB04FFA24C1A3F80080BF65 /* Products */;
			projectDirPath = "";
			projectRoot = "";
			targets = (
				EDB04FF824C1A3F80080BF65 /* Credit Card */,
			);
		};
/* End PBXProject section */

/* Begin PBXResourcesBuildPhase section */
		EDB04FF724C1A3F80080BF65 /* Resources */ = {
			isa = PBXResourcesBuildPhase;
			buildActionMask = 2147483647;
			files = (
				EDB0500924C1A3F90080BF65 /* LaunchScreen.storyboard in Resources */,
				EDB0500624C1A3F90080BF65 /* Preview Assets.xcassets in Resources */,
				EDB0500324C1A3F90080BF65 /* Assets.xcassets in Resources */,
			);
			runOnlyForDeploymentPostprocessing = 0;
		};
/* End PBXResourcesBuildPhase section */

/* Begin PBXSourcesBuildPhase section */
		EDB04FF524C1A3F80080BF65 /* Sources */ = {
			isa = PBXSourcesBuildPhase;
			buildActionMask = 2147483647;
			files = (
				EDB04FFD24C1A3F80080BF65 /* AppDelegate.swift in Sources */,
				EDC2A33124C416E900E7D7EA /* UpdateStore.swift in Sources */,
				EDF5E8DF24C37301001CB677 /* UpdateList.swift in Sources */,
				EDF5E8DB24C35168001CB677 /* HomeList.swift in Sources */,
				EDF5E8E124C38CED001CB677 /* UpdateDetail.swift in Sources */,
				EDB04FFF24C1A3F80080BF65 /* SceneDelegate.swift in Sources */,
				EDB285B124C2D89200560AF9 /* Home.swift in Sources */,
				EDB0500124C1A3F80080BF65 /* ContentView.swift in Sources */,
				EDF5E8DD24C369C4001CB677 /* BlurView.swift in Sources */,
				EDCDA0D324C6C3CE0099AEC7 /* TabBar.swift in Sources */,
			);
			runOnlyForDeploymentPostprocessing = 0;
		};
/* End PBXSourcesBuildPhase section */

/* Begin PBXVariantGroup section */
		EDB0500724C1A3F90080BF65 /* LaunchScreen.storyboard */ = {
			isa = PBXVariantGroup;
			children = (
				EDB0500824C1A3F90080BF65 /* Base */,
			);
			name = LaunchScreen.storyboard;
			sourceTree = "<group>";
		};
/* End PBXVariantGroup section */

/* Begin XCBuildConfiguration section */
		EDB0500B24C1A3F90080BF65 /* Debug */ = {
			isa = XCBuildConfiguration;
			buildSettings = {
				ALWAYS_SEARCH_USER_PATHS = NO;
				CLANG_ANALYZER_NONNULL = YES;
				CLANG_ANALYZER_NUMBER_OBJECT_CONVERSION = YES_AGGRESSIVE;
				CLANG_CXX_LANGUAGE_STANDARD = "gnu++14";
				CLANG_CXX_LIBRARY = "libc++";
				CLANG_ENABLE_MODULES = YES;
				CLANG_ENABLE_OBJC_ARC = YES;
				CLANG_ENABLE_OBJC_WEAK = YES;
				CLANG_WARN_BLOCK_CAPTURE_AUTORELEASING = YES;
				CLANG_WARN_BOOL_CONVERSION = YES;
				CLANG_WARN_COMMA = YES;
				CLANG_WARN_CONSTANT_CONVERSION = YES;
				CLANG_WARN_DEPRECATED_OBJC_IMPLEMENTATIONS = YES;
				CLANG_WARN_DIRECT_OBJC_ISA_USAGE = YES_ERROR;
				CLANG_WARN_DOCUMENTATION_COMMENTS = YES;
				CLANG_WARN_EMPTY_BODY = YES;
				CLANG_WARN_ENUM_CONVERSION = YES;
				CLANG_WARN_INFINITE_RECURSION = YES;
				CLANG_WARN_INT_CONVERSION = YES;
				CLANG_WARN_NON_LITERAL_NULL_CONVERSION = YES;
				CLANG_WARN_OBJC_IMPLICIT_RETAIN_SELF = YES;
				CLANG_WARN_OBJC_LITERAL_CONVERSION = YES;
				CLANG_WARN_OBJC_ROOT_CLASS = YES_ERROR;
				CLANG_WARN_RANGE_LOOP_ANALYSIS = YES;
				CLANG_WARN_STRICT_PROTOTYPES = YES;
				CLANG_WARN_SUSPICIOUS_MOVE = YES;
				CLANG_WARN_UNGUARDED_AVAILABILITY = YES_AGGRESSIVE;
				CLANG_WARN_UNREACHABLE_CODE = YES;
				CLANG_WARN__DUPLICATE_METHOD_MATCH = YES;
				COPY_PHASE_STRIP = NO;
				DEBUG_INFORMATION_FORMAT = dwarf;
				ENABLE_STRICT_OBJC_MSGSEND = YES;
				ENABLE_TESTABILITY = YES;
				GCC_C_LANGUAGE_STANDARD = gnu11;
				GCC_DYNAMIC_NO_PIC = NO;
				GCC_NO_COMMON_BLOCKS = YES;
				GCC_OPTIMIZATION_LEVEL = 0;
				GCC_PREPROCESSOR_DEFINITIONS = (
					"DEBUG=1",
					"$(inherited)",
				);
				GCC_WARN_64_TO_32_BIT_CONVERSION = YES;
				GCC_WARN_ABOUT_RETURN_TYPE = YES_ERROR;
				GCC_WARN_UNDECLARED_SELECTOR = YES;
				GCC_WARN_UNINITIALIZED_AUTOS = YES_AGGRESSIVE;
				GCC_WARN_UNUSED_FUNCTION = YES;
				GCC_WARN_UNUSED_VARIABLE = YES;
				IPHONEOS_DEPLOYMENT_TARGET = 13.5;
				MTL_ENABLE_DEBUG_INFO = INCLUDE_SOURCE;
				MTL_FAST_MATH = YES;
				ONLY_ACTIVE_ARCH = YES;
				SDKROOT = iphoneos;
				SWIFT_ACTIVE_COMPILATION_CONDITIONS = DEBUG;
				SWIFT_OPTIMIZATION_LEVEL = "-Onone";
			};
			name = Debug;
		};
		EDB0500C24C1A3F90080BF65 /* Release */ = {
			isa = XCBuildConfiguration;
			buildSettings = {
				ALWAYS_SEARCH_USER_PATHS = NO;
				CLANG_ANALYZER_NONNULL = YES;
				CLANG_ANALYZER_NUMBER_OBJECT_CONVERSION = YES_AGGRESSIVE;
				CLANG_CXX_LANGUAGE_STANDARD = "gnu++14";
				CLANG_CXX_LIBRARY = "libc++";
				CLANG_ENABLE_MODULES = YES;
				CLANG_ENABLE_OBJC_ARC = YES;
				CLANG_ENABLE_OBJC_WEAK = YES;
				CLANG_WARN_BLOCK_CAPTURE_AUTORELEASING = YES;
				CLANG_WARN_BOOL_CONVERSION = YES;
				CLANG_WARN_COMMA = YES;
				CLANG_WARN_CONSTANT_CONVERSION = YES;
				CLANG_WARN_DEPRECATED_OBJC_IMPLEMENTATIONS = YES;
				CLANG_WARN_DIRECT_OBJC_ISA_USAGE = YES_ERROR;
				CLANG_WARN_DOCUMENTATION_COMMENTS = YES;
				CLANG_WARN_EMPTY_BODY = YES;
				CLANG_WARN_ENUM_CONVERSION = YES;
				CLANG_WARN_INFINITE_RECURSION = YES;
				CLANG_WARN_INT_CONVERSION = YES;
				CLANG_WARN_NON_LITERAL_NULL_CONVERSION = YES;
				CLANG_WARN_OBJC_IMPLICIT_RETAIN_SELF = YES;
				CLANG_WARN_OBJC_LITERAL_CONVERSION = YES;
				CLANG_WARN_OBJC_ROOT_CLASS = YES_ERROR;
				CLANG_WARN_RANGE_LOOP_ANALYSIS = YES;
				CLANG_WARN_STRICT_PROTOTYPES = YES;
				CLANG_WARN_SUSPICIOUS_MOVE = YES;
				CLANG_WARN_UNGUARDED_AVAILABILITY = YES_AGGRESSIVE;
				CLANG_WARN_UNREACHABLE_CODE = YES;
				CLANG_WARN__DUPLICATE_METHOD_MATCH = YES;
				COPY_PHASE_STRIP = NO;
				DEBUG_INFORMATION_FORMAT = "dwarf-with-dsym";
				ENABLE_NS_ASSERTIONS = NO;
				ENABLE_STRICT_OBJC_MSGSEND = YES;
				GCC_C_LANGUAGE_STANDARD = gnu11;
				GCC_NO_COMMON_BLOCKS = YES;
				GCC_WARN_64_TO_32_BIT_CONVERSION = YES;
				GCC_WARN_ABOUT_RETURN_TYPE = YES_ERROR;
				GCC_WARN_UNDECLARED_SELECTOR = YES;
				GCC_WARN_UNINITIALIZED_AUTOS = YES_AGGRESSIVE;
				GCC_WARN_UNUSED_FUNCTION = YES;
				GCC_WARN_UNUSED_VARIABLE = YES;
				IPHONEOS_DEPLOYMENT_TARGET = 13.5;
				MTL_ENABLE_DEBUG_INFO = NO;
				MTL_FAST_MATH = YES;
				SDKROOT = iphoneos;
				SWIFT_COMPILATION_MODE = wholemodule;
				SWIFT_OPTIMIZATION_LEVEL = "-O";
				VALIDATE_PRODUCT = YES;
			};
			name = Release;
		};
		EDB0500E24C1A3F90080BF65 /* Debug */ = {
			isa = XCBuildConfiguration;
			buildSettings = {
				ASSETCATALOG_COMPILER_APPICON_NAME = AppIcon;
				CODE_SIGN_STYLE = Automatic;
				DEVELOPMENT_ASSET_PATHS = "\"Credit Card/Preview Content\"";
				DEVELOPMENT_TEAM = A343Q2S8H5;
				ENABLE_PREVIEWS = YES;
				INFOPLIST_FILE = "Credit Card/Info.plist";
				LD_RUNPATH_SEARCH_PATHS = (
					"$(inherited)",
					"@executable_path/Frameworks",
				);
				PRODUCT_BUNDLE_IDENTIFIER = "Mohsen.Credit-Card";
				PRODUCT_NAME = "$(TARGET_NAME)";
				SWIFT_VERSION = 5.0;
				TARGETED_DEVICE_FAMILY = "1,2";
			};
			name = Debug;
		};
		EDB0500F24C1A3F90080BF65 /* Release */ = {
			isa = XCBuildConfiguration;
			buildSettings = {
				ASSETCATALOG_COMPILER_APPICON_NAME = AppIcon;
				CODE_SIGN_STYLE = Automatic;
				DEVELOPMENT_ASSET_PATHS = "\"Credit Card/Preview Content\"";
				DEVELOPMENT_TEAM = A343Q2S8H5;
				ENABLE_PREVIEWS = YES;
				INFOPLIST_FILE = "Credit Card/Info.plist";
				LD_RUNPATH_SEARCH_PATHS = (
					"$(inherited)",
					"@executable_path/Frameworks",
				);
				PRODUCT_BUNDLE_IDENTIFIER = "Mohsen.Credit-Card";
				PRODUCT_NAME = "$(TARGET_NAME)";
				SWIFT_VERSION = 5.0;
				TARGETED_DEVICE_FAMILY = "1,2";
			};
			name = Release;
		};
/* End XCBuildConfiguration section */

/* Begin XCConfigurationList section */
		EDB04FF424C1A3F80080BF65 /* Build configuration list for PBXProject "Credit Card" */ = {
			isa = XCConfigurationList;
			buildConfigurations = (
				EDB0500B24C1A3F90080BF65 /* Debug */,
				EDB0500C24C1A3F90080BF65 /* Release */,
			);
			defaultConfigurationIsVisible = 0;
			defaultConfigurationName = Release;
		};
		EDB0500D24C1A3F90080BF65 /* Build configuration list for PBXNativeTarget "Credit Card" */ = {
			isa = XCConfigurationList;
			buildConfigurations = (
				EDB0500E24C1A3F90080BF65 /* Debug */,
				EDB0500F24C1A3F90080BF65 /* Release */,
			);
			defaultConfigurationIsVisible = 0;
			defaultConfigurationName = Release;
		};
/* End XCConfigurationList section */
	};
	rootObject = EDB04FF124C1A3F80080BF65 /* Project object */;
}
